
Microsoft Visual Studio Solution File, Format Version 12.00
# Visual Studio Version 17
VisualStudioVersion = 17.2.32630.192
MinimumVisualStudioVersion = 10.0.40219.1
Project("{9A19103F-16F7-4668-BE54-9A1E7A4F7556}") = "CG_N3_Exemplo", "CG_N3_Exemplo.csproj", "{A47FC606-703E-475A-8FB0-E72BC52F860C}"
EndProject
Global
	GlobalSection(SolutionConfigurationPlatforms) = preSolution
		Debug|Any CPU = Debug|Any CPU
		Release|Any CPU = Release|Any CPU
	EndGlobalSection
	GlobalSection(ProjectConfigurationPlatforms) = postSolution
		{A47FC606-703E-475A-8FB0-E72BC52F860C}.Debug|Any CPU.ActiveCfg = Debug|Any CPU
		{A47FC606-703E-475A-8FB0-E72BC52F860C}.Debug|Any CPU.Build.0 = Debug|Any CPU
		{A47FC606-703E-475A-8FB0-E72BC52F860C}.Release|Any CPU.ActiveCfg = Release|Any CPU
		{A47FC606-703E-475A-8FB0-E72BC52F860C}.Release|Any CPU.Build.0 = Release|Any CPU
	EndGlobalSection
	GlobalSection(SolutionProperties) = preSolution
		HideSolutionNode = FALSE
	EndGlobalSection
	GlobalSection(ExtensibilityGlobals) = postSolution
		SolutionGuid = {4A561149-7760-42D8-B85E-48DBDECCDC26}
	EndGlobalSection
EndGlobal
